
Microsoft Visual Studio Solution File, Format Version 12.00
# Visual Studio Version 17
VisualStudioVersion = 17.9.34902.65
MinimumVisualStudioVersion = 10.0.40219.1
Project("{FAE04EC0-301F-11D3-BF4B-00C04F79EFBC}") = "Cheese.Server", "Cheese.Server\Cheese.Server.csproj", "{B138CB33-8F1B-4854-8422-1F929BCF9060}"
EndProject
Project("{54A90642-561A-4BB1-A94E-469ADEE60C69}") = "cheese.client", "cheese.client\cheese.client.esproj", "{D8E69817-A0EA-4CFE-8CE9-DF7F903389F1}"
EndProject
Project("{FAE04EC0-301F-11D3-BF4B-00C04F79EFBC}") = "CheeseTests", "CheeseTests\CheeseTests.csproj", "{4647E7D2-6CBA-4F98-805C-DA249884050E}"
EndProject
Global
	GlobalSection(SolutionConfigurationPlatforms) = preSolution
		Debug|Any CPU = Debug|Any CPU
		Release|Any CPU = Release|Any CPU
	EndGlobalSection
	GlobalSection(ProjectConfigurationPlatforms) = postSolution
		{B138CB33-8F1B-4854-8422-1F929BCF9060}.Debug|Any CPU.ActiveCfg = Debug|Any CPU
		{B138CB33-8F1B-4854-8422-1F929BCF9060}.Debug|Any CPU.Build.0 = Debug|Any CPU
		{B138CB33-8F1B-4854-8422-1F929BCF9060}.Release|Any CPU.ActiveCfg = Release|Any CPU
		{B138CB33-8F1B-4854-8422-1F929BCF9060}.Release|Any CPU.Build.0 = Release|Any CPU
		{D8E69817-A0EA-4CFE-8CE9-DF7F903389F1}.Debug|Any CPU.ActiveCfg = Debug|Any CPU
		{D8E69817-A0EA-4CFE-8CE9-DF7F903389F1}.Debug|Any CPU.Build.0 = Debug|Any CPU
		{D8E69817-A0EA-4CFE-8CE9-DF7F903389F1}.Debug|Any CPU.Deploy.0 = Debug|Any CPU
		{D8E69817-A0EA-4CFE-8CE9-DF7F903389F1}.Release|Any CPU.ActiveCfg = Release|Any CPU
		{D8E69817-A0EA-4CFE-8CE9-DF7F903389F1}.Release|Any CPU.Build.0 = Release|Any CPU
		{D8E69817-A0EA-4CFE-8CE9-DF7F903389F1}.Release|Any CPU.Deploy.0 = Release|Any CPU
		{4647E7D2-6CBA-4F98-805C-DA249884050E}.Debug|Any CPU.ActiveCfg = Debug|Any CPU
		{4647E7D2-6CBA-4F98-805C-DA249884050E}.Debug|Any CPU.Build.0 = Debug|Any CPU
		{4647E7D2-6CBA-4F98-805C-DA249884050E}.Release|Any CPU.ActiveCfg = Release|Any CPU
		{4647E7D2-6CBA-4F98-805C-DA249884050E}.Release|Any CPU.Build.0 = Release|Any CPU
	EndGlobalSection
	GlobalSection(SolutionProperties) = preSolution
		HideSolutionNode = FALSE
	EndGlobalSection
	GlobalSection(ExtensibilityGlobals) = postSolution
		SolutionGuid = {8D723B40-0247-45B1-9B48-CB6C0F63C00D}
	EndGlobalSection
EndGlobal
